# This file is automatically @generated by Cargo.
# It is not intended for manual editing.
version = 4

[[package]]
name = "accelerate-src"
version = "0.3.2"
source = "registry+https://github.com/rust-lang/crates.io-index"
checksum = "415ed64958754dbe991900f3940677e6a7eefb4d7367afd70d642677b0c7d19d"

[[package]]
name = "autocfg"
version = "1.5.0"
source = "registry+https://github.com/rust-lang/crates.io-index"
checksum = "c08606f8c3cbf4ce6ec8e28fb0014a2c086708fe954eaa885384a6165172e7e8"

[[package]]
name = "blas-src"
version = "0.14.0"
source = "registry+https://github.com/rust-lang/crates.io-index"
checksum = "5bd439b48f5425c9f4597141b52476358e05e08471bc30f4d1c2a1f4084d7c9f"
dependencies = [
 "accelerate-src",
]

[[package]]
name = "cblas"
version = "0.5.0"
source = "registry+https://github.com/rust-lang/crates.io-index"
checksum = "c7c834e5b5c32a6dbcdb917788d0c38473e1ae7076ff2f4011eb96c5fec20eef"
dependencies = [
 "cblas-sys",
 "libc",
 "num-complex",
]

[[package]]
name = "cblas-sys"
version = "0.2.0"
source = "registry+https://github.com/rust-lang/crates.io-index"
checksum = "8354a31ad0d37f735e74c1973343c99dde4461ea8626a2b8d4fea9e06b987255"
dependencies = [
 "libc",
]

[[package]]
name = "libc"
version = "0.2.178"
source = "registry+https://github.com/rust-lang/crates.io-index"
checksum = "37c93d8daa9d8a012fd8ab92f088405fb202ea0b6ab73ee2482ae66af4f42091"

[[package]]
name = "netural-network-cpp"
version = "0.1.0"
dependencies = [
 "blas-src",
 "cblas",
]

[[package]]
name = "num-complex"
version = "0.4.6"
source = "registry+https://github.com/rust-lang/crates.io-index"
checksum = "73f88a1307638156682bada9d7604135552957b7818057dcef22705b4d509495"
dependencies = [
 "num-traits",
]

[[package]]
name = "num-traits"
version = "0.2.19"
source = "registry+https://github.com/rust-lang/crates.io-index"
checksum = "071dfc062690e90b734c0b2273ce72ad0ffa95f0c74596bc250dcfd960262841"
dependencies = [
 "autocfg",
]
